
Microsoft Visual Studio Solution File, Format Version 12.00
# Visual Studio Version 17
VisualStudioVersion = 17.5.33502.453
MinimumVisualStudioVersion = 10.0.40219.1
Project("{9A19103F-16F7-4668-BE54-9A1E7A4F7556}") = "HAFB_ConsoleApp", "HAFB_ConsoleApp.csproj", "{35EBAD4B-1C0D-46F5-818C-2A79FEDBE99F}"
EndProject
Project("{9A19103F-16F7-4668-BE54-9A1E7A4F7556}") = "TestController", "..\TestController\TestController.csproj", "{6FAB206B-06F1-44E4-8052-C28442CF6B90}"
EndProject
Global
	GlobalSection(SolutionConfigurationPlatforms) = preSolution
		Debug|Any CPU = Debug|Any CPU
		Release|Any CPU = Release|Any CPU
	EndGlobalSection
	GlobalSection(ProjectConfigurationPlatforms) = postSolution
		{35EBAD4B-1C0D-46F5-818C-2A79FEDBE99F}.Debug|Any CPU.ActiveCfg = Debug|Any CPU
		{35EBAD4B-1C0D-46F5-818C-2A79FEDBE99F}.Debug|Any CPU.Build.0 = Debug|Any CPU
		{35EBAD4B-1C0D-46F5-818C-2A79FEDBE99F}.Release|Any CPU.ActiveCfg = Release|Any CPU
		{35EBAD4B-1C0D-46F5-818C-2A79FEDBE99F}.Release|Any CPU.Build.0 = Release|Any CPU
		{6FAB206B-06F1-44E4-8052-C28442CF6B90}.Debug|Any CPU.ActiveCfg = Debug|Any CPU
		{6FAB206B-06F1-44E4-8052-C28442CF6B90}.Debug|Any CPU.Build.0 = Debug|Any CPU
		{6FAB206B-06F1-44E4-8052-C28442CF6B90}.Release|Any CPU.ActiveCfg = Release|Any CPU
		{6FAB206B-06F1-44E4-8052-C28442CF6B90}.Release|Any CPU.Build.0 = Release|Any CPU
	EndGlobalSection
	GlobalSection(SolutionProperties) = preSolution
		HideSolutionNode = FALSE
	EndGlobalSection
	GlobalSection(ExtensibilityGlobals) = postSolution
		SolutionGuid = {BAD3CEB2-08DB-494A-A7E2-E9E389784720}
	EndGlobalSection
EndGlobal
